
Microsoft Visual Studio Solution File, Format Version 12.00
# Visual Studio 15
VisualStudioVersion = 15.0.27130.2020
MinimumVisualStudioVersion = 10.0.40219.1
Project("{8BC9CEB8-8B4A-11D0-8D11-00A0C91BC942}") = "MotorControl", "MotorControl\MotorControl.vcxproj", "{86B0E7F5-68E8-4AAE-AAF7-BB8828736D86}"
EndProject
Project("{8BC9CEB8-8B4A-11D0-8D11-00A0C91BC942}") = "UTests", "UTests\UTests.vcxproj", "{0799A0C1-CF61-477F-9B9F-1A78086A5032}"
EndProject
Global
	GlobalSection(SolutionConfigurationPlatforms) = preSolution
		Debug|x64 = Debug|x64
		Debug|x86 = Debug|x86
		Release|x64 = Release|x64
		Release|x86 = Release|x86
	EndGlobalSection
	GlobalSection(ProjectConfigurationPlatforms) = postSolution
		{86B0E7F5-68E8-4AAE-AAF7-BB8828736D86}.Debug|x64.ActiveCfg = Debug|x64
		{86B0E7F5-68E8-4AAE-AAF7-BB8828736D86}.Debug|x64.Build.0 = Debug|x64
		{86B0E7F5-68E8-4AAE-AAF7-BB8828736D86}.Debug|x86.ActiveCfg = Debug|Win32
		{86B0E7F5-68E8-4AAE-AAF7-BB8828736D86}.Debug|x86.Build.0 = Debug|Win32
		{86B0E7F5-68E8-4AAE-AAF7-BB8828736D86}.Release|x64.ActiveCfg = Release|x64
		{86B0E7F5-68E8-4AAE-AAF7-BB8828736D86}.Release|x64.Build.0 = Release|x64
		{86B0E7F5-68E8-4AAE-AAF7-BB8828736D86}.Release|x86.ActiveCfg = Release|Win32
		{86B0E7F5-68E8-4AAE-AAF7-BB8828736D86}.Release|x86.Build.0 = Release|Win32
		{0799A0C1-CF61-477F-9B9F-1A78086A5032}.Debug|x64.ActiveCfg = Debug|x64
		{0799A0C1-CF61-477F-9B9F-1A78086A5032}.Debug|x64.Build.0 = Debug|x64
		{0799A0C1-CF61-477F-9B9F-1A78086A5032}.Debug|x86.ActiveCfg = Debug|Win32
		{0799A0C1-CF61-477F-9B9F-1A78086A5032}.Debug|x86.Build.0 = Debug|Win32
		{0799A0C1-CF61-477F-9B9F-1A78086A5032}.Release|x64.ActiveCfg = Release|x64
		{0799A0C1-CF61-477F-9B9F-1A78086A5032}.Release|x64.Build.0 = Release|x64
		{0799A0C1-CF61-477F-9B9F-1A78086A5032}.Release|x86.ActiveCfg = Release|Win32
		{0799A0C1-CF61-477F-9B9F-1A78086A5032}.Release|x86.Build.0 = Release|Win32
	EndGlobalSection
	GlobalSection(SolutionProperties) = preSolution
		HideSolutionNode = FALSE
	EndGlobalSection
	GlobalSection(ExtensibilityGlobals) = postSolution
		SolutionGuid = {02352C2D-CD78-4360-A272-06DF307C407E}
	EndGlobalSection
EndGlobal
